
Microsoft Visual Studio Solution File, Format Version 12.00
# Visual Studio 2015
Project("{FAE04EC0-301F-11D3-BF4B-00C04F79EFBC}") = "Word Wheel.Plugins", "Word Wheel.Plugins.csproj", "{9468B65F-B6B1-F0A8-02E2-DBE1E3A4ADE0}"
EndProject
Project("{FAE04EC0-301F-11D3-BF4B-00C04F79EFBC}") = "Word Wheel", "Word Wheel.csproj", "{57C14734-F120-22D3-3022-ED9DEBCFCB11}"
EndProject
Project("{FAE04EC0-301F-11D3-BF4B-00C04F79EFBC}") = "Word Wheel.Editor", "Word Wheel.Editor.csproj", "{D124AB2A-FC5D-3F46-63E8-785CC9523655}"
EndProject
Global
	GlobalSection(SolutionConfigurationPlatforms) = preSolution
		Debug|Any CPU = Debug|Any CPU
		Release|Any CPU = Release|Any CPU
	EndGlobalSection
	GlobalSection(ProjectConfigurationPlatforms) = postSolution
		{9468B65F-B6B1-F0A8-02E2-DBE1E3A4ADE0}.Debug|Any CPU.ActiveCfg = Debug|Any CPU
		{9468B65F-B6B1-F0A8-02E2-DBE1E3A4ADE0}.Debug|Any CPU.Build.0 = Debug|Any CPU
		{9468B65F-B6B1-F0A8-02E2-DBE1E3A4ADE0}.Release|Any CPU.ActiveCfg = Release|Any CPU
		{9468B65F-B6B1-F0A8-02E2-DBE1E3A4ADE0}.Release|Any CPU.Build.0 = Release|Any CPU
		{57C14734-F120-22D3-3022-ED9DEBCFCB11}.Debug|Any CPU.ActiveCfg = Debug|Any CPU
		{57C14734-F120-22D3-3022-ED9DEBCFCB11}.Debug|Any CPU.Build.0 = Debug|Any CPU
		{57C14734-F120-22D3-3022-ED9DEBCFCB11}.Release|Any CPU.ActiveCfg = Release|Any CPU
		{57C14734-F120-22D3-3022-ED9DEBCFCB11}.Release|Any CPU.Build.0 = Release|Any CPU
		{D124AB2A-FC5D-3F46-63E8-785CC9523655}.Debug|Any CPU.ActiveCfg = Debug|Any CPU
		{D124AB2A-FC5D-3F46-63E8-785CC9523655}.Debug|Any CPU.Build.0 = Debug|Any CPU
		{D124AB2A-FC5D-3F46-63E8-785CC9523655}.Release|Any CPU.ActiveCfg = Release|Any CPU
		{D124AB2A-FC5D-3F46-63E8-785CC9523655}.Release|Any CPU.Build.0 = Release|Any CPU
	EndGlobalSection
	GlobalSection(SolutionProperties) = preSolution
		HideSolutionNode = FALSE
	EndGlobalSection
EndGlobal
